# This file is generated by running "yarn install" inside your project.
# Manual changes might be lost - proceed with caution!

__metadata:
  version: 8
  cacheKey: 10c0

"@bufbuild/protobuf@npm:2.10.2, @bufbuild/protobuf@npm:^2.4.0":
  version: 2.10.2
  resolution: "@bufbuild/protobuf@npm:2.10.2"
  checksum: 10c0/970c4020bfc4769baa13eb5b2622d6e59962bfff54dbf8b5fc7499e8dc0b6ec1ee80be85148eb545f70d7e5b058bd178a5dc5c0b7409a96a510114fb3bfbb631
  languageName: node
  linkType: hard

"@bufbuild/protoplugin@npm:^2.4.0":
  version: 2.10.2
  resolution: "@bufbuild/protoplugin@npm:2.10.2"
  dependencies:
    "@bufbuild/protobuf": "npm:2.10.2"
    "@typescript/vfs": "npm:^1.6.2"
    typescript: "npm:5.4.5"
  checksum: 10c0/212716fb553bc9fe90138513405194c6e9bc9b6a20a72f9f1ec3dfa498696602dad3970032b322fe42bc9f3d069dee661e5378d405c26370b9eaa22f0bc358da
  languageName: node
  linkType: hard

"@chillyroom/building-game-management-client@workspace:.":
  version: 0.0.0-use.local
  resolution: "@chillyroom/building-game-management-client@workspace:."
  dependencies:
    "@grpc/grpc-js": "npm:1.12.6"
    "@protobuf-ts/grpc-transport": "npm:2.11.1"
    "@protobuf-ts/plugin": "npm:^2.9.4"
    "@protobuf-ts/runtime": "npm:2.11.1"
    "@protobuf-ts/runtime-rpc": "npm:2.11.1"
    "@types/lodash": "npm:^4.14.171"
    mkdirp: "npm:^3.0.1"
    rimraf: "npm:^6.0.1"
    typescript: "npm:^5.7.2"
  languageName: unknown
  linkType: soft

"@grpc/grpc-js@npm:1.12.6":
  version: 1.12.6
  resolution: "@grpc/grpc-js@npm:1.12.6"
  dependencies:
    "@grpc/proto-loader": "npm:^0.7.13"
    "@js-sdsl/ordered-map": "npm:^4.4.2"
  checksum: 10c0/4d74d573bdb5d5175d54f5613a921ffca6adb38aefa06992d40763d723f64b87842d8019b8bfcbfb9ec1994a67dfbacca976d8f24fedd858c82ea73d538d67df
  languageName: node
  linkType: hard

"@grpc/proto-loader@npm:^0.7.13":
  version: 0.7.15
  resolution: "@grpc/proto-loader@npm:0.7.15"
  dependencies:
    lodash.camelcase: "npm:^4.3.0"
    long: "npm:^5.0.0"
    protobufjs: "npm:^7.2.5"
    yargs: "npm:^17.7.2"
  bin:
    proto-loader-gen-types: build/bin/proto-loader-gen-types.js
  checksum: 10c0/514a134a724b56d73d0a202b7e02c84479da21e364547bacb2f4995ebc0d52412a1a21653add9f004ebd146c1e6eb4bcb0b8846fdfe1bfa8a98ed8f3d203da4a
  languageName: node
  linkType: hard

"@isaacs/balanced-match@npm:^4.0.1":
  version: 4.0.1
  resolution: "@isaacs/balanced-match@npm:4.0.1"
  checksum: 10c0/7da011805b259ec5c955f01cee903da72ad97c5e6f01ca96197267d3f33103d5b2f8a1af192140f3aa64526c593c8d098ae366c2b11f7f17645d12387c2fd420
  languageName: node
  linkType: hard

"@isaacs/brace-expansion@npm:^5.0.0":
  version: 5.0.0
  resolution: "@isaacs/brace-expansion@npm:5.0.0"
  dependencies:
    "@isaacs/balanced-match": "npm:^4.0.1"
  checksum: 10c0/b4d4812f4be53afc2c5b6c545001ff7a4659af68d4484804e9d514e183d20269bb81def8682c01a22b17c4d6aed14292c8494f7d2ac664e547101c1a905aa977
  languageName: node
  linkType: hard

"@js-sdsl/ordered-map@npm:^4.4.2":
  version: 4.4.2
  resolution: "@js-sdsl/ordered-map@npm:4.4.2"
  checksum: 10c0/cc7e15dc4acf6d9ef663757279600bab70533d847dcc1ab01332e9e680bd30b77cdf9ad885cc774276f51d98b05a013571c940e5b360985af5eb798dc1a2ee2b
  languageName: node
  linkType: hard

"@protobuf-ts/grpc-transport@npm:2.11.1":
  version: 2.11.1
  resolution: "@protobuf-ts/grpc-transport@npm:2.11.1"
  dependencies:
    "@protobuf-ts/runtime": "npm:^2.11.1"
    "@protobuf-ts/runtime-rpc": "npm:^2.11.1"
  peerDependencies:
    "@grpc/grpc-js": ^1.6.0
  checksum: 10c0/e7bae05752220e92ebe715559fc3fbb7d4e8e496932d11e2828022dab281b0c919ecb69939ddcb4e720557928bbddcecca23ea415e87ac0d770976f6025d617b
  languageName: node
  linkType: hard

"@protobuf-ts/plugin@npm:^2.9.4":
  version: 2.11.1
  resolution: "@protobuf-ts/plugin@npm:2.11.1"
  dependencies:
    "@bufbuild/protobuf": "npm:^2.4.0"
    "@bufbuild/protoplugin": "npm:^2.4.0"
    "@protobuf-ts/protoc": "npm:^2.11.1"
    "@protobuf-ts/runtime": "npm:^2.11.1"
    "@protobuf-ts/runtime-rpc": "npm:^2.11.1"
    typescript: "npm:^3.9"
  bin:
    protoc-gen-dump: bin/protoc-gen-dump
    protoc-gen-ts: bin/protoc-gen-ts
  checksum: 10c0/32e1c89b7f02fefa6d14b477c0ce12319b4d96d33744ad7faadf5cd5ee415c7ac376b9ca74cd12b9fbb98b210ef8cb0d88bf95e0709e85994c12589e6af72013
  languageName: node
  linkType: hard

"@protobuf-ts/protoc@npm:^2.11.1":
  version: 2.11.1
  resolution: "@protobuf-ts/protoc@npm:2.11.1"
  bin:
    protoc: protoc.js
  checksum: 10c0/6a3cbcaeede068c94b48273271426192f438328e13019aafebb88e1153efac38b3ad358603751d7ac8b1d2cbef5ff515eaf960796dcce9daafbe2013255bdb0e
  languageName: node
  linkType: hard

"@protobuf-ts/runtime-rpc@npm:2.11.1, @protobuf-ts/runtime-rpc@npm:^2.11.1":
  version: 2.11.1
  resolution: "@protobuf-ts/runtime-rpc@npm:2.11.1"
  dependencies:
    "@protobuf-ts/runtime": "npm:^2.11.1"
  checksum: 10c0/20337ea721a619a93c3888fbbe768c8334a8ed67a759a33aefb2a5c587fff690ca8fcb8dc97f9b7590012d9f4c43a6b9020f72dd2fc57f004c26eeca93a51982
  languageName: node
  linkType: hard

"@protobuf-ts/runtime@npm:2.11.1, @protobuf-ts/runtime@npm:^2.11.1":
  version: 2.11.1
  resolution: "@protobuf-ts/runtime@npm:2.11.1"
  checksum: 10c0/6071c0373251e915cebb449fb7bf3254e946534edf4c4eb6e89933989a3ab5dcb148ed82cc0ea844bbc2f4346d0dc76f852c2b5f900a6bdaa35e5fb2cb4666f9
  languageName: node
  linkType: hard

"@protobufjs/aspromise@npm:^1.1.1, @protobufjs/aspromise@npm:^1.1.2":
  version: 1.1.2
  resolution: "@protobufjs/aspromise@npm:1.1.2"
  checksum: 10c0/a83343a468ff5b5ec6bff36fd788a64c839e48a07ff9f4f813564f58caf44d011cd6504ed2147bf34835bd7a7dd2107052af755961c6b098fd8902b4f6500d0f
  languageName: node
  linkType: hard

"@protobufjs/base64@npm:^1.1.2":
  version: 1.1.2
  resolution: "@protobufjs/base64@npm:1.1.2"
  checksum: 10c0/eec925e681081af190b8ee231f9bad3101e189abbc182ff279da6b531e7dbd2a56f1f306f37a80b1be9e00aa2d271690d08dcc5f326f71c9eed8546675c8caf6
  languageName: node
  linkType: hard

"@protobufjs/codegen@npm:^2.0.4":
  version: 2.0.4
  resolution: "@protobufjs/codegen@npm:2.0.4"
  checksum: 10c0/26ae337c5659e41f091606d16465bbcc1df1f37cc1ed462438b1f67be0c1e28dfb2ca9f294f39100c52161aef82edf758c95d6d75650a1ddf31f7ddee1440b43
  languageName: node
  linkType: hard

"@protobufjs/eventemitter@npm:^1.1.0":
  version: 1.1.0
  resolution: "@protobufjs/eventemitter@npm:1.1.0"
  checksum: 10c0/1eb0a75180e5206d1033e4138212a8c7089a3d418c6dfa5a6ce42e593a4ae2e5892c4ef7421f38092badba4040ea6a45f0928869989411001d8c1018ea9a6e70
  languageName: node
  linkType: hard

"@protobufjs/fetch@npm:^1.1.0":
  version: 1.1.0
  resolution: "@protobufjs/fetch@npm:1.1.0"
  dependencies:
    "@protobufjs/aspromise": "npm:^1.1.1"
    "@protobufjs/inquire": "npm:^1.1.0"
  checksum: 10c0/cda6a3dc2d50a182c5865b160f72077aac197046600091dbb005dd0a66db9cce3c5eaed6d470ac8ed49d7bcbeef6ee5f0bc288db5ff9a70cbd003e5909065233
  languageName: node
  linkType: hard

"@protobufjs/float@npm:^1.0.2":
  version: 1.0.2
  resolution: "@protobufjs/float@npm:1.0.2"
  checksum: 10c0/18f2bdede76ffcf0170708af15c9c9db6259b771e6b84c51b06df34a9c339dbbeec267d14ce0bddd20acc142b1d980d983d31434398df7f98eb0c94a0eb79069
  languageName: node
  linkType: hard

"@protobufjs/inquire@npm:^1.1.0":
  version: 1.1.0
  resolution: "@protobufjs/inquire@npm:1.1.0"
  checksum: 10c0/64372482efcba1fb4d166a2664a6395fa978b557803857c9c03500e0ac1013eb4b1aacc9ed851dd5fc22f81583670b4f4431bae186f3373fedcfde863ef5921a
  languageName: node
  linkType: hard

"@protobufjs/path@npm:^1.1.2":
  version: 1.1.2
  resolution: "@protobufjs/path@npm:1.1.2"
  checksum: 10c0/cece0a938e7f5dfd2fa03f8c14f2f1cf8b0d6e13ac7326ff4c96ea311effd5fb7ae0bba754fbf505312af2e38500250c90e68506b97c02360a43793d88a0d8b4
  languageName: node
  linkType: hard

"@protobufjs/pool@npm:^1.1.0":
  version: 1.1.0
  resolution: "@protobufjs/pool@npm:1.1.0"
  checksum: 10c0/eda2718b7f222ac6e6ad36f758a92ef90d26526026a19f4f17f668f45e0306a5bd734def3f48f51f8134ae0978b6262a5c517c08b115a551756d1a3aadfcf038
  languageName: node
  linkType: hard

"@protobufjs/utf8@npm:^1.1.0":
  version: 1.1.0
  resolution: "@protobufjs/utf8@npm:1.1.0"
  checksum: 10c0/a3fe31fe3fa29aa3349e2e04ee13dc170cc6af7c23d92ad49e3eeaf79b9766264544d3da824dba93b7855bd6a2982fb40032ef40693da98a136d835752beb487
  languageName: node
  linkType: hard

"@types/lodash@npm:^4.14.171":
  version: 4.17.21
  resolution: "@types/lodash@npm:4.17.21"
  checksum: 10c0/73cb006e047d8871e9d63f3a165543bf16c44a5b6fe3f9f6299e37cb8d67a7b1d55ac730959a81f9def510fd07232ff7e30e05413e5d5a12793baad84ebe36c3
  languageName: node
  linkType: hard

"@types/node@npm:>=13.7.0":
  version: 25.0.3
  resolution: "@types/node@npm:25.0.3"
  dependencies:
    undici-types: "npm:~7.16.0"
  checksum: 10c0/b7568f0d765d9469621615e2bb257c7fd1953d95e9acbdb58dffb6627a2c4150d405a4600aa1ad8a40182a94fe5f903cafd3c0a2f5132814debd0e3bfd61f835
  languageName: node
  linkType: hard

"@typescript/vfs@npm:^1.6.2":
  version: 1.6.2
  resolution: "@typescript/vfs@npm:1.6.2"
  dependencies:
    debug: "npm:^4.1.1"
  peerDependencies:
    typescript: "*"
  checksum: 10c0/72e9a551337aa5478e39d6e0568bcf00d30fad68eae456a68b7436d2b5c7a35d78dd1d121242433fb6c8dc02ca618dfb5fe09916de88dabe746b3fb6b224793a
  languageName: node
  linkType: hard

"ansi-regex@npm:^5.0.1":
  version: 5.0.1
  resolution: "ansi-regex@npm:5.0.1"
  checksum: 10c0/9a64bb8627b434ba9327b60c027742e5d17ac69277960d041898596271d992d4d52ba7267a63ca10232e29f6107fc8a835f6ce8d719b88c5f8493f8254813737
  languageName: node
  linkType: hard

"ansi-styles@npm:^4.0.0":
  version: 4.3.0
  resolution: "ansi-styles@npm:4.3.0"
  dependencies:
    color-convert: "npm:^2.0.1"
  checksum: 10c0/895a23929da416f2bd3de7e9cb4eabd340949328ab85ddd6e484a637d8f6820d485f53933446f5291c3b760cbc488beb8e88573dd0f9c7daf83dccc8fe81b041
  languageName: node
  linkType: hard

"cliui@npm:^8.0.1":
  version: 8.0.1
  resolution: "cliui@npm:8.0.1"
  dependencies:
    string-width: "npm:^4.2.0"
    strip-ansi: "npm:^6.0.1"
    wrap-ansi: "npm:^7.0.0"
  checksum: 10c0/4bda0f09c340cbb6dfdc1ed508b3ca080f12992c18d68c6be4d9cf51756033d5266e61ec57529e610dacbf4da1c634423b0c1b11037709cc6b09045cbd815df5
  languageName: node
  linkType: hard

"color-convert@npm:^2.0.1":
  version: 2.0.1
  resolution: "color-convert@npm:2.0.1"
  dependencies:
    color-name: "npm:~1.1.4"
  checksum: 10c0/37e1150172f2e311fe1b2df62c6293a342ee7380da7b9cfdba67ea539909afbd74da27033208d01d6d5cfc65ee7868a22e18d7e7648e004425441c0f8a15a7d7
  languageName: node
  linkType: hard

"color-name@npm:~1.1.4":
  version: 1.1.4
  resolution: "color-name@npm:1.1.4"
  checksum: 10c0/a1a3f914156960902f46f7f56bc62effc6c94e84b2cae157a526b1c1f74b677a47ec602bf68a61abfa2b42d15b7c5651c6dbe72a43af720bc588dff885b10f95
  languageName: node
  linkType: hard

"debug@npm:^4.1.1":
  version: 4.4.3
  resolution: "debug@npm:4.4.3"
  dependencies:
    ms: "npm:^2.1.3"
  peerDependenciesMeta:
    supports-color:
      optional: true
  checksum: 10c0/d79136ec6c83ecbefd0f6a5593da6a9c91ec4d7ddc4b54c883d6e71ec9accb5f67a1a5e96d00a328196b5b5c86d365e98d8a3a70856aaf16b4e7b1985e67f5a6
  languageName: node
  linkType: hard

"emoji-regex@npm:^8.0.0":
  version: 8.0.0
  resolution: "emoji-regex@npm:8.0.0"
  checksum: 10c0/b6053ad39951c4cf338f9092d7bfba448cdfd46fe6a2a034700b149ac9ffbc137e361cbd3c442297f86bed2e5f7576c1b54cc0a6bf8ef5106cc62f496af35010
  languageName: node
  linkType: hard

"escalade@npm:^3.1.1":
  version: 3.2.0
  resolution: "escalade@npm:3.2.0"
  checksum: 10c0/ced4dd3a78e15897ed3be74e635110bbf3b08877b0a41be50dcb325ee0e0b5f65fc2d50e9845194d7c4633f327e2e1c6cce00a71b617c5673df0374201d67f65
  languageName: node
  linkType: hard

"get-caller-file@npm:^2.0.5":
  version: 2.0.5
  resolution: "get-caller-file@npm:2.0.5"
  checksum: 10c0/c6c7b60271931fa752aeb92f2b47e355eac1af3a2673f47c9589e8f8a41adc74d45551c1bc57b5e66a80609f10ffb72b6f575e4370d61cc3f7f3aaff01757cde
  languageName: node
  linkType: hard

"glob@npm:^13.0.0":
  version: 13.0.0
  resolution: "glob@npm:13.0.0"
  dependencies:
    minimatch: "npm:^10.1.1"
    minipass: "npm:^7.1.2"
    path-scurry: "npm:^2.0.0"
  checksum: 10c0/8e2f5821f3f7c312dd102e23a15b80c79e0837a9872784293ba2e15ec73b3f3749a49a42a31bfcb4e52c84820a474e92331c2eebf18819d20308f5c33876630a
  languageName: node
  linkType: hard

"is-fullwidth-code-point@npm:^3.0.0":
  version: 3.0.0
  resolution: "is-fullwidth-code-point@npm:3.0.0"
  checksum: 10c0/bb11d825e049f38e04c06373a8d72782eee0205bda9d908cc550ccb3c59b99d750ff9537982e01733c1c94a58e35400661f57042158ff5e8f3e90cf936daf0fc
  languageName: node
  linkType: hard

"lodash.camelcase@npm:^4.3.0":
  version: 4.3.0
  resolution: "lodash.camelcase@npm:4.3.0"
  checksum: 10c0/fcba15d21a458076dd309fce6b1b4bf611d84a0ec252cb92447c948c533ac250b95d2e00955801ebc367e5af5ed288b996d75d37d2035260a937008e14eaf432
  languageName: node
  linkType: hard

"long@npm:^5.0.0":
  version: 5.3.2
  resolution: "long@npm:5.3.2"
  checksum: 10c0/7130fe1cbce2dca06734b35b70d380ca3f70271c7f8852c922a7c62c86c4e35f0c39290565eca7133c625908d40e126ac57c02b1b1a4636b9457d77e1e60b981
  languageName: node
  linkType: hard

"lru-cache@npm:^11.0.0":
  version: 11.2.4
  resolution: "lru-cache@npm:11.2.4"
  checksum: 10c0/4a24f9b17537619f9144d7b8e42cd5a225efdfd7076ebe7b5e7dc02b860a818455201e67fbf000765233fe7e339d3c8229fc815e9b58ee6ede511e07608c19b2
  languageName: node
  linkType: hard

"minimatch@npm:^10.1.1":
  version: 10.1.1
  resolution: "minimatch@npm:10.1.1"
  dependencies:
    "@isaacs/brace-expansion": "npm:^5.0.0"
  checksum: 10c0/c85d44821c71973d636091fddbfbffe62370f5ee3caf0241c5b60c18cd289e916200acb2361b7e987558cd06896d153e25d505db9fc1e43e6b4b6752e2702902
  languageName: node
  linkType: hard

"minipass@npm:^7.1.2":
  version: 7.1.2
  resolution: "minipass@npm:7.1.2"
  checksum: 10c0/b0fd20bb9fb56e5fa9a8bfac539e8915ae07430a619e4b86ff71f5fc757ef3924b23b2c4230393af1eda647ed3d75739e4e0acb250a6b1eb277cf7f8fe449557
  languageName: node
  linkType: hard

"mkdirp@npm:^3.0.1":
  version: 3.0.1
  resolution: "mkdirp@npm:3.0.1"
  bin:
    mkdirp: dist/cjs/src/bin.js
  checksum: 10c0/9f2b975e9246351f5e3a40dcfac99fcd0baa31fbfab615fe059fb11e51f10e4803c63de1f384c54d656e4db31d000e4767e9ef076a22e12a641357602e31d57d
  languageName: node
  linkType: hard

"ms@npm:^2.1.3":
  version: 2.1.3
  resolution: "ms@npm:2.1.3"
  checksum: 10c0/d924b57e7312b3b63ad21fc5b3dc0af5e78d61a1fc7cfb5457edaf26326bf62be5307cc87ffb6862ef1c2b33b0233cdb5d4f01c4c958cc0d660948b65a287a48
  languageName: node
  linkType: hard

"package-json-from-dist@npm:^1.0.1":
  version: 1.0.1
  resolution: "package-json-from-dist@npm:1.0.1"
  checksum: 10c0/62ba2785eb655fec084a257af34dbe24292ab74516d6aecef97ef72d4897310bc6898f6c85b5cd22770eaa1ce60d55a0230e150fb6a966e3ecd6c511e23d164b
  languageName: node
  linkType: hard

"path-scurry@npm:^2.0.0":
  version: 2.0.1
  resolution: "path-scurry@npm:2.0.1"
  dependencies:
    lru-cache: "npm:^11.0.0"
    minipass: "npm:^7.1.2"
  checksum: 10c0/2a16ed0e81fbc43513e245aa5763354e25e787dab0d539581a6c3f0f967461a159ed6236b2559de23aa5b88e7dc32b469b6c47568833dd142a4b24b4f5cd2620
  languageName: node
  linkType: hard

"protobufjs@npm:^7.2.5":
  version: 7.5.4
  resolution: "protobufjs@npm:7.5.4"
  dependencies:
    "@protobufjs/aspromise": "npm:^1.1.2"
    "@protobufjs/base64": "npm:^1.1.2"
    "@protobufjs/codegen": "npm:^2.0.4"
    "@protobufjs/eventemitter": "npm:^1.1.0"
    "@protobufjs/fetch": "npm:^1.1.0"
    "@protobufjs/float": "npm:^1.0.2"
    "@protobufjs/inquire": "npm:^1.1.0"
    "@protobufjs/path": "npm:^1.1.2"
    "@protobufjs/pool": "npm:^1.1.0"
    "@protobufjs/utf8": "npm:^1.1.0"
    "@types/node": "npm:>=13.7.0"
    long: "npm:^5.0.0"
  checksum: 10c0/913b676109ffb3c05d3d31e03a684e569be91f3bba8613da4a683d69d9dba948daa2afd7d2e7944d1aa6c417890c35d9d9a8883c1160affafb0f9670d59ef722
  languageName: node
  linkType: hard

"require-directory@npm:^2.1.1":
  version: 2.1.1
  resolution: "require-directory@npm:2.1.1"
  checksum: 10c0/83aa76a7bc1531f68d92c75a2ca2f54f1b01463cb566cf3fbc787d0de8be30c9dbc211d1d46be3497dac5785fe296f2dd11d531945ac29730643357978966e99
  languageName: node
  linkType: hard

"rimraf@npm:^6.0.1":
  version: 6.1.2
  resolution: "rimraf@npm:6.1.2"
  dependencies:
    glob: "npm:^13.0.0"
    package-json-from-dist: "npm:^1.0.1"
  bin:
    rimraf: dist/esm/bin.mjs
  checksum: 10c0/c11a6a6fad937ada03c12fe688860690df8296d7cd08dbe59e3cc087f44e43573ae26ecbe48e54cb7a6db745b8c81fe5a15b9359233cc21d52d9b5b3330fcc74
  languageName: node
  linkType: hard

"string-width@npm:^4.1.0, string-width@npm:^4.2.0, string-width@npm:^4.2.3":
  version: 4.2.3
  resolution: "string-width@npm:4.2.3"
  dependencies:
    emoji-regex: "npm:^8.0.0"
    is-fullwidth-code-point: "npm:^3.0.0"
    strip-ansi: "npm:^6.0.1"
  checksum: 10c0/1e525e92e5eae0afd7454086eed9c818ee84374bb80328fc41217ae72ff5f065ef1c9d7f72da41de40c75fa8bb3dee63d92373fd492c84260a552c636392a47b
  languageName: node
  linkType: hard

"strip-ansi@npm:^6.0.0, strip-ansi@npm:^6.0.1":
  version: 6.0.1
  resolution: "strip-ansi@npm:6.0.1"
  dependencies:
    ansi-regex: "npm:^5.0.1"
  checksum: 10c0/1ae5f212a126fe5b167707f716942490e3933085a5ff6c008ab97ab2f272c8025d3aa218b7bd6ab25729ca20cc81cddb252102f8751e13482a5199e873680952
  languageName: node
  linkType: hard

"typescript@npm:5.4.5":
  version: 5.4.5
  resolution: "typescript@npm:5.4.5"
  bin:
    tsc: bin/tsc
    tsserver: bin/tsserver
  checksum: 10c0/2954022ada340fd3d6a9e2b8e534f65d57c92d5f3989a263754a78aba549f7e6529acc1921913560a4b816c46dce7df4a4d29f9f11a3dc0d4213bb76d043251e
  languageName: node
  linkType: hard

"typescript@npm:^3.9":
  version: 3.9.10
  resolution: "typescript@npm:3.9.10"
  bin:
    tsc: bin/tsc
    tsserver: bin/tsserver
  checksum: 10c0/863cc06070fa18a0f9c6a83265fb4922a8b51bf6f2c6760fb0b73865305ce617ea4bc6477381f9f4b7c3a8cb4a455b054f5469e6e41307733fe6a2bd9aae82f8
  languageName: node
  linkType: hard

"typescript@npm:^5.7.2":
  version: 5.9.3
  resolution: "typescript@npm:5.9.3"
  bin:
    tsc: bin/tsc
    tsserver: bin/tsserver
  checksum: 10c0/6bd7552ce39f97e711db5aa048f6f9995b53f1c52f7d8667c1abdc1700c68a76a308f579cd309ce6b53646deb4e9a1be7c813a93baaf0a28ccd536a30270e1c5
  languageName: node
  linkType: hard

"typescript@patch:typescript@npm%3A5.4.5#optional!builtin<compat/typescript>":
  version: 5.4.5
  resolution: "typescript@patch:typescript@npm%3A5.4.5#optional!builtin<compat/typescript>::version=5.4.5&hash=5adc0c"
  bin:
    tsc: bin/tsc
    tsserver: bin/tsserver
  checksum: 10c0/db2ad2a16ca829f50427eeb1da155e7a45e598eec7b086d8b4e8ba44e5a235f758e606d681c66992230d3fc3b8995865e5fd0b22a2c95486d0b3200f83072ec9
  languageName: node
  linkType: hard

"typescript@patch:typescript@npm%3A^3.9#optional!builtin<compat/typescript>":
  version: 3.9.10
  resolution: "typescript@patch:typescript@npm%3A3.9.10#optional!builtin<compat/typescript>::version=3.9.10&hash=3bd3d3"
  bin:
    tsc: bin/tsc
    tsserver: bin/tsserver
  checksum: 10c0/9041fb3886e7d6a560f985227b8c941d17a750f2edccb5f9b3a15a2480574654d9be803ad4a14aabcc2f2553c4d272a25fd698a7c42692f03f66b009fb46883c
  languageName: node
  linkType: hard

"typescript@patch:typescript@npm%3A^5.7.2#optional!builtin<compat/typescript>":
  version: 5.9.3
  resolution: "typescript@patch:typescript@npm%3A5.9.3#optional!builtin<compat/typescript>::version=5.9.3&hash=5adc0c"
  bin:
    tsc: bin/tsc
    tsserver: bin/tsserver
  checksum: 10c0/6f7e53bf0d9702350deeb6f35e08b69cbc8b958c33e0ec77bdc0ad6a6c8e280f3959dcbfde6f5b0848bece57810696489deaaa53d75de3578ff255d168c1efbd
  languageName: node
  linkType: hard

"undici-types@npm:~7.16.0":
  version: 7.16.0
  resolution: "undici-types@npm:7.16.0"
  checksum: 10c0/3033e2f2b5c9f1504bdc5934646cb54e37ecaca0f9249c983f7b1fc2e87c6d18399ebb05dc7fd5419e02b2e915f734d872a65da2e3eeed1813951c427d33cc9a
  languageName: node
  linkType: hard

"wrap-ansi@npm:^7.0.0":
  version: 7.0.0
  resolution: "wrap-ansi@npm:7.0.0"
  dependencies:
    ansi-styles: "npm:^4.0.0"
    string-width: "npm:^4.1.0"
    strip-ansi: "npm:^6.0.0"
  checksum: 10c0/d15fc12c11e4cbc4044a552129ebc75ee3f57aa9c1958373a4db0292d72282f54373b536103987a4a7594db1ef6a4f10acf92978f79b98c49306a4b58c77d4da
  languageName: node
  linkType: hard

"y18n@npm:^5.0.5":
  version: 5.0.8
  resolution: "y18n@npm:5.0.8"
  checksum: 10c0/4df2842c36e468590c3691c894bc9cdbac41f520566e76e24f59401ba7d8b4811eb1e34524d57e54bc6d864bcb66baab7ffd9ca42bf1eda596618f9162b91249
  languageName: node
  linkType: hard

"yargs-parser@npm:^21.1.1":
  version: 21.1.1
  resolution: "yargs-parser@npm:21.1.1"
  checksum: 10c0/f84b5e48169479d2f402239c59f084cfd1c3acc197a05c59b98bab067452e6b3ea46d4dd8ba2985ba7b3d32a343d77df0debd6b343e5dae3da2aab2cdf5886b2
  languageName: node
  linkType: hard

"yargs@npm:^17.7.2":
  version: 17.7.2
  resolution: "yargs@npm:17.7.2"
  dependencies:
    cliui: "npm:^8.0.1"
    escalade: "npm:^3.1.1"
    get-caller-file: "npm:^2.0.5"
    require-directory: "npm:^2.1.1"
    string-width: "npm:^4.2.3"
    y18n: "npm:^5.0.5"
    yargs-parser: "npm:^21.1.1"
  checksum: 10c0/ccd7e723e61ad5965fffbb791366db689572b80cca80e0f96aad968dfff4156cd7cd1ad18607afe1046d8241e6fb2d6c08bf7fa7bfb5eaec818735d8feac8f05
  languageName: node
  linkType: hard
